{
  "nodes": {
    "flake-utils": {
      "inputs": {
        "systems": "systems"
      },
      "locked": {
        "lastModified": 1731533236,
        "narHash": "sha256-l0KFg5HjrsfsO/JpG+r7fRrqm12kzFHyUHqHCVpMMbI=",
        "owner": "numtide",
        "repo": "flake-utils",
        "rev": "11707dc2f618dd54ca8739b309ec4fc024de578b",
        "type": "github"
      },
      "original": {
        "owner": "numtide",
        "repo": "flake-utils",
        "type": "github"
      }
    },
    "flake-utils_2": {
      "inputs": {
        "systems": "systems_2"
      },
      "locked": {
        "lastModified": 1710146030,
        "narHash": "sha256-SZ5L6eA7HJ/nmkzGG7/ISclqe6oZdOZTNoesiInkXPQ=",
        "owner": "numtide",
        "repo": "flake-utils",
        "rev": "b1d9ab70662946ef0850d488da1c9019f3a9752a",
        "type": "github"
      },
      "original": {
        "owner": "numtide",
        "repo": "flake-utils",
        "type": "github"
      }
    },
    "flake-utils_3": {
      "inputs": {
        "systems": "systems_3"
      },
      "locked": {
        "lastModified": 1705309234,
        "narHash": "sha256-uNRRNRKmJyCRC/8y1RqBkqWBLM034y4qN7EprSdmgyA=",
        "owner": "numtide",
        "repo": "flake-utils",
        "rev": "1ef2e671c3b0c19053962c07dbda38332dcebf26",
        "type": "github"
      },
      "original": {
        "owner": "numtide",
        "repo": "flake-utils",
        "type": "github"
      }
    },
    "nextpnrXilinxPhaser": {
      "flake": false,
      "locked": {
        "lastModified": 1779179082,
        "narHash": "sha256-yG9aqYvdDL51knVcDEzzjVDbjqrZIShBIaJ2GT2G0/g=",
        "ref": "stable-backports",
        "rev": "cb82295715ace50451ff3621d177a90ef9fe75fa",
        "revCount": 3136,
        "submodules": true,
        "type": "git",
        "url": "https://github.com/RCoeurjoly/nextpnr-xilinx"
      },
      "original": {
        "ref": "stable-backports",
        "submodules": true,
        "type": "git",
        "url": "https://github.com/RCoeurjoly/nextpnr-xilinx"
      }
    },
    "nixpkgs": {
      "locked": {
        "lastModified": 1735563628,
        "narHash": "sha256-OnSAY7XDSx7CtDoqNh8jwVwh4xNL/2HaJxGjryLWzX8=",
        "owner": "NixOS",
        "repo": "nixpkgs",
        "rev": "b134951a4c9f3c995fd7be05f3243f8ecd65d798",
        "type": "github"
      },
      "original": {
        "owner": "NixOS",
        "ref": "nixos-24.05",
        "repo": "nixpkgs",
        "type": "github"
      }
    },
    "nixpkgs_2": {
      "locked": {
        "lastModified": 1725634671,
        "narHash": "sha256-v3rIhsJBOMLR8e/RNWxr828tB+WywYIoajrZKFM+0Gg=",
        "owner": "NixOS",
        "repo": "nixpkgs",
        "rev": "574d1eac1c200690e27b8eb4e24887f8df7ac27c",
        "type": "github"
      },
      "original": {
        "id": "nixpkgs",
        "ref": "nixos-unstable",
        "type": "indirect"
      }
    },
    "nixpkgs_3": {
      "locked": {
        "lastModified": 1708807242,
        "narHash": "sha256-sRTRkhMD4delO/hPxxi+XwLqPn8BuUq6nnj4JqLwOu0=",
        "owner": "NixOS",
        "repo": "nixpkgs",
        "rev": "73de017ef2d18a04ac4bfd0c02650007ccb31c2a",
        "type": "github"
      },
      "original": {
        "owner": "NixOS",
        "ref": "nixos-unstable",
        "repo": "nixpkgs",
        "type": "github"
      }
    },
    "openXC7": {
      "inputs": {
        "flake-utils": "flake-utils_2",
        "nixpkgs": "nixpkgs_2"
      },
      "locked": {
        "lastModified": 1772489597,
        "narHash": "sha256-DQGLWsE2F4QUzO8m0pBQnt5JzKs1k8qrXXVyAARirp0=",
        "owner": "openXC7",
        "repo": "toolchain-nix",
        "rev": "f004e752924def8d5031941dfd9d5bfbac1ce242",
        "type": "github"
      },
      "original": {
        "owner": "openXC7",
        "repo": "toolchain-nix",
        "type": "github"
      }
    },
    "prjxrayDb": {
      "flake": false,
      "locked": {
        "lastModified": 1777007939,
        "narHash": "sha256-EgbOrX649uJdi3eiFNkXu9pb+B1Sc042e1pqbpII/94=",
        "owner": "openXC7",
        "repo": "prjxray-db",
        "rev": "5093561e01589eb58502fe9669d6b495b07f799a",
        "type": "github"
      },
      "original": {
        "owner": "openXC7",
        "repo": "prjxray-db",
        "type": "github"
      }
    },
    "root": {
      "inputs": {
        "flake-utils": "flake-utils",
        "nextpnrXilinxPhaser": "nextpnrXilinxPhaser",
        "nixpkgs": "nixpkgs",
        "openXC7": "openXC7",
        "prjxrayDb": "prjxrayDb",
        "yosys": "yosys"
      }
    },
    "systems": {
      "locked": {
        "lastModified": 1681028828,
        "narHash": "sha256-Vy1rq5AaRuLzOxct8nz4T6wlgyUR7zLU309k9mBC768=",
        "owner": "nix-systems",
        "repo": "default",
        "rev": "da67096a3b9bf56a91d16901293e51ba5b49a27e",
        "type": "github"
      },
      "original": {
        "owner": "nix-systems",
        "repo": "default",
        "type": "github"
      }
    },
    "systems_2": {
      "locked": {
        "lastModified": 1681028828,
        "narHash": "sha256-Vy1rq5AaRuLzOxct8nz4T6wlgyUR7zLU309k9mBC768=",
        "owner": "nix-systems",
        "repo": "default",
        "rev": "da67096a3b9bf56a91d16901293e51ba5b49a27e",
        "type": "github"
      },
      "original": {
        "owner": "nix-systems",
        "repo": "default",
        "type": "github"
      }
    },
    "systems_3": {
      "locked": {
        "lastModified": 1681028828,
        "narHash": "sha256-Vy1rq5AaRuLzOxct8nz4T6wlgyUR7zLU309k9mBC768=",
        "owner": "nix-systems",
        "repo": "default",
        "rev": "da67096a3b9bf56a91d16901293e51ba5b49a27e",
        "type": "github"
      },
      "original": {
        "owner": "nix-systems",
        "repo": "default",
        "type": "github"
      }
    },
    "yosys": {
      "inputs": {
        "flake-utils": "flake-utils_3",
        "nixpkgs": "nixpkgs_3"
      },
      "locked": {
        "lastModified": 1778570664,
        "narHash": "sha256-5pVK4HGSAtK6Eocffl2Mb7CtOjAYXlYvCfduotkiPQU=",
        "ref": "refs/heads/main",
        "rev": "3c619da2593f27cc54685f6e628ffeefeb45acd5",
        "revCount": 17126,
        "submodules": true,
        "type": "git",
        "url": "https://github.com/YosysHQ/yosys"
      },
      "original": {
        "submodules": true,
        "type": "git",
        "url": "https://github.com/YosysHQ/yosys"
      }
    }
  },
  "root": "root",
  "version": 7
}
